
Microsoft Visual Studio Solution File, Format Version 12.00
# Visual Studio Version 17
VisualStudioVersion = 17.14.36401.2
MinimumVisualStudioVersion = 10.0.40219.1
Project("{2150E333-8FDC-42A3-9474-1A3956D46DE8}") = "OOP", "OOP", "{02EA681E-C7D8-13C7-8484-4AC65E1B71E8}"
EndProject
Project("{2150E333-8FDC-42A3-9474-1A3956D46DE8}") = "SOLID", "SOLID", "{78A6C358-1B8C-4593-AB0E-3881C5562EA7}"
EndProject
Project("{2150E333-8FDC-42A3-9474-1A3956D46DE8}") = "OpenClosedPrinciple", "OpenClosedPrinciple", "{FEF08B38-9946-4351-8BA7-FDB295D94101}"
EndProject
Project("{2150E333-8FDC-42A3-9474-1A3956D46DE8}") = "1.) Initial", "1.) Initial", "{21395A3D-ABB9-4731-B649-87D7ECF6E8BF}"
EndProject
Project("{FAE04EC0-301F-11D3-BF4B-00C04F79EFBC}") = "MonitorAssembly", "OOPBestPractices\OOP\SOLID\Open Closed Principle\1) Initial\MonitorAssembly\MonitorAssembly.csproj", "{AC4E0E77-EE18-80EA-1849-D835D9CECF84}"
EndProject
Project("{2150E333-8FDC-42A3-9474-1A3956D46DE8}") = "2.) Mistake", "2.) Mistake", "{54CA6419-C233-4510-AA9E-EE92112D9185}"
EndProject
Project("{FAE04EC0-301F-11D3-BF4B-00C04F79EFBC}") = "MonitorAssembly", "OOPBestPractices\OOP\SOLID\Open Closed Principle\2) Mistake\MonitorAssembly\MonitorAssembly.csproj", "{299FD3C4-F9A5-6C42-EE69-A193574EF42A}"
EndProject
Project("{2150E333-8FDC-42A3-9474-1A3956D46DE8}") = "3.) Escalation", "3.) Escalation", "{E36122A1-3A6F-4DB3-B32B-9DC237DC9F0C}"
EndProject
Project("{FAE04EC0-301F-11D3-BF4B-00C04F79EFBC}") = "MonitorAssembly", "OOPBestPractices\OOP\SOLID\Open Closed Principle\3) Escalation\MonitorAssembly\MonitorAssembly.csproj", "{2ED8D91F-83DF-A3E0-88AB-ED789F6387CE}"
EndProject
Global
	GlobalSection(SolutionConfigurationPlatforms) = preSolution
		Debug|Any CPU = Debug|Any CPU
		Release|Any CPU = Release|Any CPU
	EndGlobalSection
	GlobalSection(ProjectConfigurationPlatforms) = postSolution
		{AC4E0E77-EE18-80EA-1849-D835D9CECF84}.Debug|Any CPU.ActiveCfg = Debug|Any CPU
		{AC4E0E77-EE18-80EA-1849-D835D9CECF84}.Debug|Any CPU.Build.0 = Debug|Any CPU
		{AC4E0E77-EE18-80EA-1849-D835D9CECF84}.Release|Any CPU.ActiveCfg = Release|Any CPU
		{AC4E0E77-EE18-80EA-1849-D835D9CECF84}.Release|Any CPU.Build.0 = Release|Any CPU
		{299FD3C4-F9A5-6C42-EE69-A193574EF42A}.Debug|Any CPU.ActiveCfg = Debug|Any CPU
		{299FD3C4-F9A5-6C42-EE69-A193574EF42A}.Debug|Any CPU.Build.0 = Debug|Any CPU
		{299FD3C4-F9A5-6C42-EE69-A193574EF42A}.Release|Any CPU.ActiveCfg = Release|Any CPU
		{299FD3C4-F9A5-6C42-EE69-A193574EF42A}.Release|Any CPU.Build.0 = Release|Any CPU
		{2ED8D91F-83DF-A3E0-88AB-ED789F6387CE}.Debug|Any CPU.ActiveCfg = Debug|Any CPU
		{2ED8D91F-83DF-A3E0-88AB-ED789F6387CE}.Debug|Any CPU.Build.0 = Debug|Any CPU
		{2ED8D91F-83DF-A3E0-88AB-ED789F6387CE}.Release|Any CPU.ActiveCfg = Release|Any CPU
		{2ED8D91F-83DF-A3E0-88AB-ED789F6387CE}.Release|Any CPU.Build.0 = Release|Any CPU
	EndGlobalSection
	GlobalSection(SolutionProperties) = preSolution
		HideSolutionNode = FALSE
	EndGlobalSection
	GlobalSection(NestedProjects) = preSolution
		{78A6C358-1B8C-4593-AB0E-3881C5562EA7} = {02EA681E-C7D8-13C7-8484-4AC65E1B71E8}
		{FEF08B38-9946-4351-8BA7-FDB295D94101} = {78A6C358-1B8C-4593-AB0E-3881C5562EA7}
		{21395A3D-ABB9-4731-B649-87D7ECF6E8BF} = {FEF08B38-9946-4351-8BA7-FDB295D94101}
		{AC4E0E77-EE18-80EA-1849-D835D9CECF84} = {21395A3D-ABB9-4731-B649-87D7ECF6E8BF}
		{54CA6419-C233-4510-AA9E-EE92112D9185} = {FEF08B38-9946-4351-8BA7-FDB295D94101}
		{299FD3C4-F9A5-6C42-EE69-A193574EF42A} = {54CA6419-C233-4510-AA9E-EE92112D9185}
		{E36122A1-3A6F-4DB3-B32B-9DC237DC9F0C} = {FEF08B38-9946-4351-8BA7-FDB295D94101}
		{2ED8D91F-83DF-A3E0-88AB-ED789F6387CE} = {E36122A1-3A6F-4DB3-B32B-9DC237DC9F0C}
	EndGlobalSection
	GlobalSection(ExtensibilityGlobals) = postSolution
		SolutionGuid = {FA6D7836-7154-412F-82CA-B3A826FA01AB}
	EndGlobalSection
EndGlobal
